
Microsoft Visual Studio Solution File, Format Version 12.00
# Visual Studio Version 17
VisualStudioVersion = 17.3.32611.2
MinimumVisualStudioVersion = 10.0.40219.1
Project("{2150E333-8FDC-42A3-9474-1A3956D46DE8}") = "src", "src", "{CA9AC87F-097E-4F15-8393-4BC07735A5B0}"
EndProject
Project("{2150E333-8FDC-42A3-9474-1A3956D46DE8}") = "test", "test", "{04DBDB01-70F4-4E06-B468-8F87850B22BE}"
EndProject
Project("{9A19103F-16F7-4668-BE54-9A1E7A4F7556}") = "CityHome.Application", "src\CityHome.Application\CityHome.Application.csproj", "{F68E8591-2F0D-4113-A33E-13178AE8EA92}"
EndProject
Project("{9A19103F-16F7-4668-BE54-9A1E7A4F7556}") = "CityHome.Application.Contracts", "src\CityHome.Application.Contracts\CityHome.Application.Contracts.csproj", "{A71FBE54-E505-408C-B8ED-7206358E4429}"
EndProject
Project("{9A19103F-16F7-4668-BE54-9A1E7A4F7556}") = "CityHome.DbMigrator", "src\CityHome.DbMigrator\CityHome.DbMigrator.csproj", "{2FE91794-40E9-4D31-8941-122492F1215B}"
EndProject
Project("{9A19103F-16F7-4668-BE54-9A1E7A4F7556}") = "CityHome.Domain", "src\CityHome.Domain\CityHome.Domain.csproj", "{E4B39D88-4D5D-40EF-AD03-7FFBD2B9A988}"
EndProject
Project("{9A19103F-16F7-4668-BE54-9A1E7A4F7556}") = "CityHome.Domain.Shared", "src\CityHome.Domain.Shared\CityHome.Domain.Shared.csproj", "{439D9309-2975-47C7-92FD-705EB589B897}"
EndProject
Project("{9A19103F-16F7-4668-BE54-9A1E7A4F7556}") = "CityHome.EntityFrameworkCore", "src\CityHome.EntityFrameworkCore\CityHome.EntityFrameworkCore.csproj", "{5D18EA1A-E247-49B1-B891-BF9E2C1696C6}"
EndProject
Project("{9A19103F-16F7-4668-BE54-9A1E7A4F7556}") = "CityHome.HttpApi", "src\CityHome.HttpApi\CityHome.HttpApi.csproj", "{CE73386D-B8BC-4579-99EC-FE1CC9B96069}"
EndProject
Project("{9A19103F-16F7-4668-BE54-9A1E7A4F7556}") = "CityHome.HttpApi.Client", "src\CityHome.HttpApi.Client\CityHome.HttpApi.Client.csproj", "{66209275-40F1-48ED-9132-B41A0364F283}"
EndProject
Project("{9A19103F-16F7-4668-BE54-9A1E7A4F7556}") = "CityHome.HttpApi.Host", "src\CityHome.HttpApi.Host\CityHome.HttpApi.Host.csproj", "{D50A73FE-A96B-4933-A778-8828F0062D3E}"
EndProject
Project("{9A19103F-16F7-4668-BE54-9A1E7A4F7556}") = "CityHome.Application.Tests", "test\CityHome.Application.Tests\CityHome.Application.Tests.csproj", "{929DA62C-4D05-4BE9-8F46-C12CD28A97BA}"
EndProject
Project("{9A19103F-16F7-4668-BE54-9A1E7A4F7556}") = "CityHome.Domain.Tests", "test\CityHome.Domain.Tests\CityHome.Domain.Tests.csproj", "{94293EA5-09A3-4D53-BCBD-6C72BB31FEDB}"
EndProject
Project("{9A19103F-16F7-4668-BE54-9A1E7A4F7556}") = "CityHome.EntityFrameworkCore.Tests", "test\CityHome.EntityFrameworkCore.Tests\CityHome.EntityFrameworkCore.Tests.csproj", "{8CB6FE8D-4C5F-416B-B4B8-B2D31CAD5A7F}"
EndProject
Project("{9A19103F-16F7-4668-BE54-9A1E7A4F7556}") = "CityHome.HttpApi.Client.ConsoleTestApp", "test\CityHome.HttpApi.Client.ConsoleTestApp\CityHome.HttpApi.Client.ConsoleTestApp.csproj", "{F79BE8AF-D973-4986-9186-4A2FD8A5A57D}"
EndProject
Project("{9A19103F-16F7-4668-BE54-9A1E7A4F7556}") = "CityHome.TestBase", "test\CityHome.TestBase\CityHome.TestBase.csproj", "{5D91ED2A-89CF-441C-B713-1E8924A5841C}"
EndProject
Global
	GlobalSection(SolutionConfigurationPlatforms) = preSolution
		Debug|Any CPU = Debug|Any CPU
		Release|Any CPU = Release|Any CPU
	EndGlobalSection
	GlobalSection(ProjectConfigurationPlatforms) = postSolution
		{F68E8591-2F0D-4113-A33E-13178AE8EA92}.Debug|Any CPU.ActiveCfg = Debug|Any CPU
		{F68E8591-2F0D-4113-A33E-13178AE8EA92}.Debug|Any CPU.Build.0 = Debug|Any CPU
		{F68E8591-2F0D-4113-A33E-13178AE8EA92}.Release|Any CPU.ActiveCfg = Release|Any CPU
		{F68E8591-2F0D-4113-A33E-13178AE8EA92}.Release|Any CPU.Build.0 = Release|Any CPU
		{A71FBE54-E505-408C-B8ED-7206358E4429}.Debug|Any CPU.ActiveCfg = Debug|Any CPU
		{A71FBE54-E505-408C-B8ED-7206358E4429}.Debug|Any CPU.Build.0 = Debug|Any CPU
		{A71FBE54-E505-408C-B8ED-7206358E4429}.Release|Any CPU.ActiveCfg = Release|Any CPU
		{A71FBE54-E505-408C-B8ED-7206358E4429}.Release|Any CPU.Build.0 = Release|Any CPU
		{2FE91794-40E9-4D31-8941-122492F1215B}.Debug|Any CPU.ActiveCfg = Debug|Any CPU
		{2FE91794-40E9-4D31-8941-122492F1215B}.Debug|Any CPU.Build.0 = Debug|Any CPU
		{2FE91794-40E9-4D31-8941-122492F1215B}.Release|Any CPU.ActiveCfg = Release|Any CPU
		{2FE91794-40E9-4D31-8941-122492F1215B}.Release|Any CPU.Build.0 = Release|Any CPU
		{E4B39D88-4D5D-40EF-AD03-7FFBD2B9A988}.Debug|Any CPU.ActiveCfg = Debug|Any CPU
		{E4B39D88-4D5D-40EF-AD03-7FFBD2B9A988}.Debug|Any CPU.Build.0 = Debug|Any CPU
		{E4B39D88-4D5D-40EF-AD03-7FFBD2B9A988}.Release|Any CPU.ActiveCfg = Release|Any CPU
		{E4B39D88-4D5D-40EF-AD03-7FFBD2B9A988}.Release|Any CPU.Build.0 = Release|Any CPU
		{439D9309-2975-47C7-92FD-705EB589B897}.Debug|Any CPU.ActiveCfg = Debug|Any CPU
		{439D9309-2975-47C7-92FD-705EB589B897}.Debug|Any CPU.Build.0 = Debug|Any CPU
		{439D9309-2975-47C7-92FD-705EB589B897}.Release|Any CPU.ActiveCfg = Release|Any CPU
		{439D9309-2975-47C7-92FD-705EB589B897}.Release|Any CPU.Build.0 = Release|Any CPU
		{5D18EA1A-E247-49B1-B891-BF9E2C1696C6}.Debug|Any CPU.ActiveCfg = Debug|Any CPU
		{5D18EA1A-E247-49B1-B891-BF9E2C1696C6}.Debug|Any CPU.Build.0 = Debug|Any CPU
		{5D18EA1A-E247-49B1-B891-BF9E2C1696C6}.Release|Any CPU.ActiveCfg = Release|Any CPU
		{5D18EA1A-E247-49B1-B891-BF9E2C1696C6}.Release|Any CPU.Build.0 = Release|Any CPU
		{CE73386D-B8BC-4579-99EC-FE1CC9B96069}.Debug|Any CPU.ActiveCfg = Debug|Any CPU
		{CE73386D-B8BC-4579-99EC-FE1CC9B96069}.Debug|Any CPU.Build.0 = Debug|Any CPU
		{CE73386D-B8BC-4579-99EC-FE1CC9B96069}.Release|Any CPU.ActiveCfg = Release|Any CPU
		{CE73386D-B8BC-4579-99EC-FE1CC9B96069}.Release|Any CPU.Build.0 = Release|Any CPU
		{66209275-40F1-48ED-9132-B41A0364F283}.Debug|Any CPU.ActiveCfg = Debug|Any CPU
		{66209275-40F1-48ED-9132-B41A0364F283}.Debug|Any CPU.Build.0 = Debug|Any CPU
		{66209275-40F1-48ED-9132-B41A0364F283}.Release|Any CPU.ActiveCfg = Release|Any CPU
		{66209275-40F1-48ED-9132-B41A0364F283}.Release|Any CPU.Build.0 = Release|Any CPU
		{D50A73FE-A96B-4933-A778-8828F0062D3E}.Debug|Any CPU.ActiveCfg = Debug|Any CPU
		{D50A73FE-A96B-4933-A778-8828F0062D3E}.Debug|Any CPU.Build.0 = Debug|Any CPU
		{D50A73FE-A96B-4933-A778-8828F0062D3E}.Release|Any CPU.ActiveCfg = Release|Any CPU
		{D50A73FE-A96B-4933-A778-8828F0062D3E}.Release|Any CPU.Build.0 = Release|Any CPU
		{929DA62C-4D05-4BE9-8F46-C12CD28A97BA}.Debug|Any CPU.ActiveCfg = Debug|Any CPU
		{929DA62C-4D05-4BE9-8F46-C12CD28A97BA}.Debug|Any CPU.Build.0 = Debug|Any CPU
		{929DA62C-4D05-4BE9-8F46-C12CD28A97BA}.Release|Any CPU.ActiveCfg = Release|Any CPU
		{929DA62C-4D05-4BE9-8F46-C12CD28A97BA}.Release|Any CPU.Build.0 = Release|Any CPU
		{94293EA5-09A3-4D53-BCBD-6C72BB31FEDB}.Debug|Any CPU.ActiveCfg = Debug|Any CPU
		{94293EA5-09A3-4D53-BCBD-6C72BB31FEDB}.Debug|Any CPU.Build.0 = Debug|Any CPU
		{94293EA5-09A3-4D53-BCBD-6C72BB31FEDB}.Release|Any CPU.ActiveCfg = Release|Any CPU
		{94293EA5-09A3-4D53-BCBD-6C72BB31FEDB}.Release|Any CPU.Build.0 = Release|Any CPU
		{8CB6FE8D-4C5F-416B-B4B8-B2D31CAD5A7F}.Debug|Any CPU.ActiveCfg = Debug|Any CPU
		{8CB6FE8D-4C5F-416B-B4B8-B2D31CAD5A7F}.Debug|Any CPU.Build.0 = Debug|Any CPU
		{8CB6FE8D-4C5F-416B-B4B8-B2D31CAD5A7F}.Release|Any CPU.ActiveCfg = Release|Any CPU
		{8CB6FE8D-4C5F-416B-B4B8-B2D31CAD5A7F}.Release|Any CPU.Build.0 = Release|Any CPU
		{F79BE8AF-D973-4986-9186-4A2FD8A5A57D}.Debug|Any CPU.ActiveCfg = Debug|Any CPU
		{F79BE8AF-D973-4986-9186-4A2FD8A5A57D}.Debug|Any CPU.Build.0 = Debug|Any CPU
		{F79BE8AF-D973-4986-9186-4A2FD8A5A57D}.Release|Any CPU.ActiveCfg = Release|Any CPU
		{F79BE8AF-D973-4986-9186-4A2FD8A5A57D}.Release|Any CPU.Build.0 = Release|Any CPU
		{5D91ED2A-89CF-441C-B713-1E8924A5841C}.Debug|Any CPU.ActiveCfg = Debug|Any CPU
		{5D91ED2A-89CF-441C-B713-1E8924A5841C}.Debug|Any CPU.Build.0 = Debug|Any CPU
		{5D91ED2A-89CF-441C-B713-1E8924A5841C}.Release|Any CPU.ActiveCfg = Release|Any CPU
		{5D91ED2A-89CF-441C-B713-1E8924A5841C}.Release|Any CPU.Build.0 = Release|Any CPU
	EndGlobalSection
	GlobalSection(SolutionProperties) = preSolution
		HideSolutionNode = FALSE
	EndGlobalSection
	GlobalSection(NestedProjects) = preSolution
		{F68E8591-2F0D-4113-A33E-13178AE8EA92} = {CA9AC87F-097E-4F15-8393-4BC07735A5B0}
		{A71FBE54-E505-408C-B8ED-7206358E4429} = {CA9AC87F-097E-4F15-8393-4BC07735A5B0}
		{2FE91794-40E9-4D31-8941-122492F1215B} = {CA9AC87F-097E-4F15-8393-4BC07735A5B0}
		{E4B39D88-4D5D-40EF-AD03-7FFBD2B9A988} = {CA9AC87F-097E-4F15-8393-4BC07735A5B0}
		{439D9309-2975-47C7-92FD-705EB589B897} = {CA9AC87F-097E-4F15-8393-4BC07735A5B0}
		{5D18EA1A-E247-49B1-B891-BF9E2C1696C6} = {CA9AC87F-097E-4F15-8393-4BC07735A5B0}
		{CE73386D-B8BC-4579-99EC-FE1CC9B96069} = {CA9AC87F-097E-4F15-8393-4BC07735A5B0}
		{66209275-40F1-48ED-9132-B41A0364F283} = {CA9AC87F-097E-4F15-8393-4BC07735A5B0}
		{D50A73FE-A96B-4933-A778-8828F0062D3E} = {CA9AC87F-097E-4F15-8393-4BC07735A5B0}
		{929DA62C-4D05-4BE9-8F46-C12CD28A97BA} = {04DBDB01-70F4-4E06-B468-8F87850B22BE}
		{94293EA5-09A3-4D53-BCBD-6C72BB31FEDB} = {04DBDB01-70F4-4E06-B468-8F87850B22BE}
		{8CB6FE8D-4C5F-416B-B4B8-B2D31CAD5A7F} = {04DBDB01-70F4-4E06-B468-8F87850B22BE}
		{F79BE8AF-D973-4986-9186-4A2FD8A5A57D} = {04DBDB01-70F4-4E06-B468-8F87850B22BE}
		{5D91ED2A-89CF-441C-B713-1E8924A5841C} = {04DBDB01-70F4-4E06-B468-8F87850B22BE}
	EndGlobalSection
	GlobalSection(ExtensibilityGlobals) = postSolution
		SolutionGuid = {30D35EA6-2CEB-AB74-AB05-A528282C43A7}
	EndGlobalSection
EndGlobal
